// !$*UTF8*$!
{
	archiveVersion = 1;
	classes = {
	};
	objectVersion = 77;
	objects = {

/* Begin PBXBuildFile section */
		9E537B7A2E5DEE47004B8253 /* TealiumCore in Frameworks */ = {isa = PBXBuildFile; productRef = 9E7C88002E5DCE1000056B13 /* TealiumCore */; };
		9E537B7B2E5DEE47004B8253 /* TealiumRemoteCommands in Frameworks */ = {isa = PBXBuildFile; productRef = 9E7C88012E5DCE1100056B13 /* TealiumRemoteCommands */; };
		9E537BB02E5DF556004B8253 /* TealiumCollect in Frameworks */ = {isa = PBXBuildFile; productRef = 9E537BAF2E5DF556004B8253 /* TealiumCollect */; };
		9E537BB22E5DF556004B8253 /* TealiumLifecycle in Frameworks */ = {isa = PBXBuildFile; productRef = 9E537BB12E5DF556004B8253 /* TealiumLifecycle */; };
		9E537BB42E5DF556004B8253 /* TealiumTagManagement in Frameworks */ = {isa = PBXBuildFile; productRef = 9E537BB32E5DF556004B8253 /* TealiumTagManagement */; };
		9E7C87FF2E5DCDDE00056B13 /* TealiumKochava in Frameworks */ = {isa = PBXBuildFile; productRef = 9E7C87FE2E5DCDDE00056B13 /* TealiumKochava */; };
/* End PBXBuildFile section */

/* Begin PBXFileReference section */
		9E7C87DA2E5DC9D000056B13 /* TealiumKochavaExample.app */ = {isa = PBXFileReference; explicitFileType = wrapper.application; includeInIndex = 0; path = TealiumKochavaExample.app; sourceTree = BUILT_PRODUCTS_DIR; };
/* End PBXFileReference section */

/* Begin PBXFileSystemSynchronizedRootGroup section */
		9E7C87DC2E5DC9D000056B13 /* TealiumKochavaExample */ = {
			isa = PBXFileSystemSynchronizedRootGroup;
			path = TealiumKochavaExample;
			sourceTree = "<group>";
		};
/* End PBXFileSystemSynchronizedRootGroup section */

/* Begin PBXFrameworksBuildPhase section */
		9E7C87D72E5DC9D000056B13 /* Frameworks */ = {
			isa = PBXFrameworksBuildPhase;
			buildActionMask = 2147483647;
			files = (
				9E537B7B2E5DEE47004B8253 /* TealiumRemoteCommands in Frameworks */,
				9E537BB02E5DF556004B8253 /* TealiumCollect in Frameworks */,
				9E537B7A2E5DEE47004B8253 /* TealiumCore in Frameworks */,
				9E537BB22E5DF556004B8253 /* TealiumLifecycle in Frameworks */,
				9E537BB42E5DF556004B8253 /* TealiumTagManagement in Frameworks */,
				9E7C87FF2E5DCDDE00056B13 /* TealiumKochava in Frameworks */,
			);
			runOnlyForDeploymentPostprocessing = 0;
		};
/* End PBXFrameworksBuildPhase section */

/* Begin PBXGroup section */
		9E537BAE2E5DF556004B8253 /* Frameworks */ = {
			isa = PBXGroup;
			children = (
			);
			name = Frameworks;
			sourceTree = "<group>";
		};
		9E7C87D12E5DC9D000056B13 = {
			isa = PBXGroup;
			children = (
				9E7C87DC2E5DC9D000056B13 /* TealiumKochavaExample */,
				9E537BAE2E5DF556004B8253 /* Frameworks */,
				9E7C87DB2E5DC9D000056B13 /* Products */,
			);
			sourceTree = "<group>";
		};
		9E7C87DB2E5DC9D000056B13 /* Products */ = {
			isa = PBXGroup;
			children = (
				9E7C87DA2E5DC9D000056B13 /* TealiumKochavaExample.app */,
			);
			name = Products;
			sourceTree = "<group>";
		};
/* End PBXGroup section */

/* Begin PBXNativeTarget section */
		9E7C87D92E5DC9D000056B13 /* TealiumKochavaExample */ = {
			isa = PBXNativeTarget;
			buildConfigurationList = 9E7C87E52E5DC9D200056B13 /* Build configuration list for PBXNativeTarget "TealiumKochavaExample" */;
			buildPhases = (
				9E7C87D62E5DC9D000056B13 /* Sources */,
				9E7C87D72E5DC9D000056B13 /* Frameworks */,
				9E7C87D82E5DC9D000056B13 /* Resources */,
			);
			buildRules = (
			);
			dependencies = (
			);
			fileSystemSynchronizedGroups = (
				9E7C87DC2E5DC9D000056B13 /* TealiumKochavaExample */,
			);
			name = TealiumKochavaExample;
			packageProductDependencies = (
				9E7C87FE2E5DCDDE00056B13 /* TealiumKochava */,
				9E7C88002E5DCE1000056B13 /* TealiumCore */,
				9E7C88012E5DCE1100056B13 /* TealiumRemoteCommands */,
				9E537BAF2E5DF556004B8253 /* TealiumCollect */,
				9E537BB12E5DF556004B8253 /* TealiumLifecycle */,
				9E537BB32E5DF556004B8253 /* TealiumTagManagement */,
			);
			productName = TealiumKochavaExample;
			productReference = 9E7C87DA2E5DC9D000056B13 /* TealiumKochavaExample.app */;
			productType = "com.apple.product-type.application";
		};
/* End PBXNativeTarget section */

/* Begin PBXProject section */
		9E7C87D22E5DC9D000056B13 /* Project object */ = {
			isa = PBXProject;
			attributes = {
				BuildIndependentTargetsInParallel = 1;
				LastSwiftUpdateCheck = 1630;
				LastUpgradeCheck = 1630;
				TargetAttributes = {
					9E7C87D92E5DC9D000056B13 = {
						CreatedOnToolsVersion = 16.3;
					};
				};
			};
			buildConfigurationList = 9E7C87D52E5DC9D000056B13 /* Build configuration list for PBXProject "TealiumKochavaExample" */;
			developmentRegion = en;
			hasScannedForEncodings = 0;
			knownRegions = (
				en,
				Base,
			);
			mainGroup = 9E7C87D12E5DC9D000056B13;
			minimizedProjectReferenceProxies = 1;
			packageReferences = (
				9E7C87FD2E5DCDDE00056B13 /* XCLocalSwiftPackageReference "../../tealium-ios-kochava-remote-command" */,
				9E7C87FF2E5DCE1000056B13 /* XCRemoteSwiftPackageReference "tealium-swift" */,
			);
			preferredProjectObjectVersion = 77;
			productRefGroup = 9E7C87DB2E5DC9D000056B13 /* Products */;
			projectDirPath = "";
			projectRoot = "";
			targets = (
				9E7C87D92E5DC9D000056B13 /* TealiumKochavaExample */,
			);
		};
/* End PBXProject section */

/* Begin PBXResourcesBuildPhase section */
		9E7C87D82E5DC9D000056B13 /* Resources */ = {
			isa = PBXResourcesBuildPhase;
			buildActionMask = 2147483647;
			files = (
			);
			runOnlyForDeploymentPostprocessing = 0;
		};
/* End PBXResourcesBuildPhase section */

/* Begin PBXSourcesBuildPhase section */
		9E7C87D62E5DC9D000056B13 /* Sources */ = {
			isa = PBXSourcesBuildPhase;
			buildActionMask = 2147483647;
			files = (
			);
			runOnlyForDeploymentPostprocessing = 0;
		};
/* End PBXSourcesBuildPhase section */

/* Begin XCBuildConfiguration section */
		9E7C87E32E5DC9D200056B13 /* Debug */ = {
			isa = XCBuildConfiguration;
			buildSettings = {
				ALWAYS_SEARCH_USER_PATHS = NO;
				ASSETCATALOG_COMPILER_GENERATE_SWIFT_ASSET_SYMBOL_EXTENSIONS = YES;
				CLANG_ANALYZER_NONNULL = YES;
				CLANG_ANALYZER_NUMBER_OBJECT_CONVERSION = YES_AGGRESSIVE;
				CLANG_CXX_LANGUAGE_STANDARD = "gnu++20";
				CLANG_ENABLE_MODULES = YES;
				CLANG_ENABLE_OBJC_ARC = YES;
				CLANG_ENABLE_OBJC_WEAK = YES;
				CLANG_WARN_BLOCK_CAPTURE_AUTORELEASING = YES;
				CLANG_WARN_BOOL_CONVERSION = YES;
				CLANG_WARN_COMMA = YES;
				CLANG_WARN_CONSTANT_CONVERSION = YES;
				CLANG_WARN_DEPRECATED_OBJC_IMPLEMENTATIONS = YES;
				CLANG_WARN_DIRECT_OBJC_ISA_USAGE = YES_ERROR;
				CLANG_WARN_DOCUMENTATION_COMMENTS = YES;
				CLANG_WARN_EMPTY_BODY = YES;
				CLANG_WARN_ENUM_CONVERSION = YES;
				CLANG_WARN_INFINITE_RECURSION = YES;
				CLANG_WARN_INT_CONVERSION = YES;
				CLANG_WARN_NON_LITERAL_NULL_CONVERSION = YES;
				CLANG_WARN_OBJC_IMPLICIT_RETAIN_SELF = YES;
				CLANG_WARN_OBJC_LITERAL_CONVERSION = YES;
				CLANG_WARN_OBJC_ROOT_CLASS = YES_ERROR;
				CLANG_WARN_QUOTED_INCLUDE_IN_FRAMEWORK_HEADER = YES;
				CLANG_WARN_RANGE_LOOP_ANALYSIS = YES;
				CLANG_WARN_STRICT_PROTOTYPES = YES;
				CLANG_WARN_SUSPICIOUS_MOVE = YES;
				CLANG_WARN_UNGUARDED_AVAILABILITY = YES_AGGRESSIVE;
				CLANG_WARN_UNREACHABLE_CODE = YES;
				CLANG_WARN__DUPLICATE_METHOD_MATCH = YES;
				COPY_PHASE_STRIP = NO;
				DEBUG_INFORMATION_FORMAT = dwarf;
				DEVELOPMENT_TEAM = XC939GDC9P;
				ENABLE_STRICT_OBJC_MSGSEND = YES;
				ENABLE_TESTABILITY = YES;
				ENABLE_USER_SCRIPT_SANDBOXING = YES;
				GCC_C_LANGUAGE_STANDARD = gnu17;
				GCC_DYNAMIC_NO_PIC = NO;
				GCC_NO_COMMON_BLOCKS = YES;
				GCC_OPTIMIZATION_LEVEL = 0;
				GCC_PREPROCESSOR_DEFINITIONS = (
					"DEBUG=1",
					"$(inherited)",
				);
				GCC_WARN_64_TO_32_BIT_CONVERSION = YES;
				GCC_WARN_ABOUT_RETURN_TYPE = YES_ERROR;
				GCC_WARN_UNDECLARED_SELECTOR = YES;
				GCC_WARN_UNINITIALIZED_AUTOS = YES_AGGRESSIVE;
				GCC_WARN_UNUSED_FUNCTION = YES;
				GCC_WARN_UNUSED_VARIABLE = YES;
				IPHONEOS_DEPLOYMENT_TARGET = 18.4;
				LOCALIZATION_PREFERS_STRING_CATALOGS = YES;
				MTL_ENABLE_DEBUG_INFO = INCLUDE_SOURCE;
				MTL_FAST_MATH = YES;
				ONLY_ACTIVE_ARCH = YES;
				SDKROOT = iphoneos;
				SWIFT_ACTIVE_COMPILATION_CONDITIONS = "DEBUG $(inherited)";
				SWIFT_OPTIMIZATION_LEVEL = "-Onone";
			};
			name = Debug;
		};
		9E7C87E42E5DC9D200056B13 /* Release */ = {
			isa = XCBuildConfiguration;
			buildSettings = {
				ALWAYS_SEARCH_USER_PATHS = NO;
				ASSETCATALOG_COMPILER_GENERATE_SWIFT_ASSET_SYMBOL_EXTENSIONS = YES;
				CLANG_ANALYZER_NONNULL = YES;
				CLANG_ANALYZER_NUMBER_OBJECT_CONVERSION = YES_AGGRESSIVE;
				CLANG_CXX_LANGUAGE_STANDARD = "gnu++20";
				CLANG_ENABLE_MODULES = YES;
				CLANG_ENABLE_OBJC_ARC = YES;
				CLANG_ENABLE_OBJC_WEAK = YES;
				CLANG_WARN_BLOCK_CAPTURE_AUTORELEASING = YES;
				CLANG_WARN_BOOL_CONVERSION = YES;
				CLANG_WARN_COMMA = YES;
				CLANG_WARN_CONSTANT_CONVERSION = YES;
				CLANG_WARN_DEPRECATED_OBJC_IMPLEMENTATIONS = YES;
				CLANG_WARN_DIRECT_OBJC_ISA_USAGE = YES_ERROR;
				CLANG_WARN_DOCUMENTATION_COMMENTS = YES;
				CLANG_WARN_EMPTY_BODY = YES;
				CLANG_WARN_ENUM_CONVERSION = YES;
				CLANG_WARN_INFINITE_RECURSION = YES;
				CLANG_WARN_INT_CONVERSION = YES;
				CLANG_WARN_NON_LITERAL_NULL_CONVERSION = YES;
				CLANG_WARN_OBJC_IMPLICIT_RETAIN_SELF = YES;
				CLANG_WARN_OBJC_LITERAL_CONVERSION = YES;
				CLANG_WARN_OBJC_ROOT_CLASS = YES_ERROR;
				CLANG_WARN_QUOTED_INCLUDE_IN_FRAMEWORK_HEADER = YES;
				CLANG_WARN_RANGE_LOOP_ANALYSIS = YES;
				CLANG_WARN_STRICT_PROTOTYPES = YES;
				CLANG_WARN_SUSPICIOUS_MOVE = YES;
				CLANG_WARN_UNGUARDED_AVAILABILITY = YES_AGGRESSIVE;
				CLANG_WARN_UNREACHABLE_CODE = YES;
				CLANG_WARN__DUPLICATE_METHOD_MATCH = YES;
				COPY_PHASE_STRIP = NO;
				DEBUG_INFORMATION_FORMAT = "dwarf-with-dsym";
				DEVELOPMENT_TEAM = XC939GDC9P;
				ENABLE_NS_ASSERTIONS = NO;
				ENABLE_STRICT_OBJC_MSGSEND = YES;
				ENABLE_USER_SCRIPT_SANDBOXING = YES;
				GCC_C_LANGUAGE_STANDARD = gnu17;
				GCC_NO_COMMON_BLOCKS = YES;
				GCC_WARN_64_TO_32_BIT_CONVERSION = YES;
				GCC_WARN_ABOUT_RETURN_TYPE = YES_ERROR;
				GCC_WARN_UNDECLARED_SELECTOR = YES;
				GCC_WARN_UNINITIALIZED_AUTOS = YES_AGGRESSIVE;
				GCC_WARN_UNUSED_FUNCTION = YES;
				GCC_WARN_UNUSED_VARIABLE = YES;
				IPHONEOS_DEPLOYMENT_TARGET = 18.4;
				LOCALIZATION_PREFERS_STRING_CATALOGS = YES;
				MTL_ENABLE_DEBUG_INFO = NO;
				MTL_FAST_MATH = YES;
				SDKROOT = iphoneos;
				SWIFT_COMPILATION_MODE = wholemodule;
				VALIDATE_PRODUCT = YES;
			};
			name = Release;
		};
		9E7C87E62E5DC9D200056B13 /* Debug */ = {
			isa = XCBuildConfiguration;
			buildSettings = {
				ASSETCATALOG_COMPILER_APPICON_NAME = AppIcon;
				ASSETCATALOG_COMPILER_GLOBAL_ACCENT_COLOR_NAME = AccentColor;
				CODE_SIGN_STYLE = Automatic;
				CURRENT_PROJECT_VERSION = 1;
				DEVELOPMENT_TEAM = XC939GDC9P;
				ENABLE_PREVIEWS = YES;
				GENERATE_INFOPLIST_FILE = NO;
				INFOPLIST_FILE = Info.plist;
				INFOPLIST_KEY_UISupportedInterfaceOrientations_iPad = "UIInterfaceOrientationPortrait UIInterfaceOrientationPortraitUpsideDown UIInterfaceOrientationLandscapeLeft UIInterfaceOrientationLandscapeRight";
				INFOPLIST_KEY_UISupportedInterfaceOrientations_iPhone = "UIInterfaceOrientationPortrait UIInterfaceOrientationLandscapeLeft UIInterfaceOrientationLandscapeRight";
				LD_RUNPATH_SEARCH_PATHS = (
					"$(inherited)",
					"@executable_path/Frameworks",
				);
				MARKETING_VERSION = 1.0;
				PRODUCT_BUNDLE_IDENTIFIER = com.tealium.TealiumKochavaExample;
				PRODUCT_NAME = "$(TARGET_NAME)";
				SWIFT_EMIT_LOC_STRINGS = YES;
				SWIFT_VERSION = 5.0;
				TARGETED_DEVICE_FAMILY = "1,2";
			};
			name = Debug;
		};
		9E7C87E72E5DC9D200056B13 /* Release */ = {
			isa = XCBuildConfiguration;
			buildSettings = {
				ASSETCATALOG_COMPILER_APPICON_NAME = AppIcon;
				ASSETCATALOG_COMPILER_GLOBAL_ACCENT_COLOR_NAME = AccentColor;
				CODE_SIGN_STYLE = Automatic;
				CURRENT_PROJECT_VERSION = 1;
				DEVELOPMENT_TEAM = XC939GDC9P;
				ENABLE_PREVIEWS = YES;
				GENERATE_INFOPLIST_FILE = NO;
				INFOPLIST_FILE = Info.plist;
				INFOPLIST_KEY_UISupportedInterfaceOrientations_iPad = "UIInterfaceOrientationPortrait UIInterfaceOrientationPortraitUpsideDown UIInterfaceOrientationLandscapeLeft UIInterfaceOrientationLandscapeRight";
				INFOPLIST_KEY_UISupportedInterfaceOrientations_iPhone = "UIInterfaceOrientationPortrait UIInterfaceOrientationLandscapeLeft UIInterfaceOrientationLandscapeRight";
				LD_RUNPATH_SEARCH_PATHS = (
					"$(inherited)",
					"@executable_path/Frameworks",
				);
				MARKETING_VERSION = 1.0;
				PRODUCT_BUNDLE_IDENTIFIER = com.tealium.TealiumKochavaExample;
				PRODUCT_NAME = "$(TARGET_NAME)";
				SWIFT_EMIT_LOC_STRINGS = YES;
				SWIFT_VERSION = 5.0;
				TARGETED_DEVICE_FAMILY = "1,2";
			};
			name = Release;
		};
/* End XCBuildConfiguration section */

/* Begin XCConfigurationList section */
		9E7C87D52E5DC9D000056B13 /* Build configuration list for PBXProject "TealiumKochavaExample" */ = {
			isa = XCConfigurationList;
			buildConfigurations = (
				9E7C87E32E5DC9D200056B13 /* Debug */,
				9E7C87E42E5DC9D200056B13 /* Release */,
			);
			defaultConfigurationIsVisible = 0;
			defaultConfigurationName = Release;
		};
		9E7C87E52E5DC9D200056B13 /* Build configuration list for PBXNativeTarget "TealiumKochavaExample" */ = {
			isa = XCConfigurationList;
			buildConfigurations = (
				9E7C87E62E5DC9D200056B13 /* Debug */,
				9E7C87E72E5DC9D200056B13 /* Release */,
			);
			defaultConfigurationIsVisible = 0;
			defaultConfigurationName = Release;
		};
/* End XCConfigurationList section */

/* Begin XCLocalSwiftPackageReference section */
		9E7C87FD2E5DCDDE00056B13 /* XCLocalSwiftPackageReference "../../tealium-ios-kochava-remote-command" */ = {
			isa = XCLocalSwiftPackageReference;
			relativePath = "../../tealium-ios-kochava-remote-command";
		};
/* End XCLocalSwiftPackageReference section */

/* Begin XCRemoteSwiftPackageReference section */
		9E7C87FF2E5DCE1000056B13 /* XCRemoteSwiftPackageReference "tealium-swift" */ = {
			isa = XCRemoteSwiftPackageReference;
			repositoryURL = "https://github.com/tealium/tealium-swift";
			requirement = {
				kind = upToNextMajorVersion;
				minimumVersion = 2.18.0;
			};
		};
/* End XCRemoteSwiftPackageReference section */

/* Begin XCSwiftPackageProductDependency section */
		9E537BAF2E5DF556004B8253 /* TealiumCollect */ = {
			isa = XCSwiftPackageProductDependency;
			package = 9E7C87FF2E5DCE1000056B13 /* XCRemoteSwiftPackageReference "tealium-swift" */;
			productName = TealiumCollect;
		};
		9E537BB12E5DF556004B8253 /* TealiumLifecycle */ = {
			isa = XCSwiftPackageProductDependency;
			package = 9E7C87FF2E5DCE1000056B13 /* XCRemoteSwiftPackageReference "tealium-swift" */;
			productName = TealiumLifecycle;
		};
		9E537BB32E5DF556004B8253 /* TealiumTagManagement */ = {
			isa = XCSwiftPackageProductDependency;
			package = 9E7C87FF2E5DCE1000056B13 /* XCRemoteSwiftPackageReference "tealium-swift" */;
			productName = TealiumTagManagement;
		};
		9E7C87FE2E5DCDDE00056B13 /* TealiumKochava */ = {
			isa = XCSwiftPackageProductDependency;
			productName = TealiumKochava;
		};
		9E7C88002E5DCE1000056B13 /* TealiumCore */ = {
			isa = XCSwiftPackageProductDependency;
			package = 9E7C87FF2E5DCE1000056B13 /* XCRemoteSwiftPackageReference "tealium-swift" */;
			productName = TealiumCore;
		};
		9E7C88012E5DCE1100056B13 /* TealiumRemoteCommands */ = {
			isa = XCSwiftPackageProductDependency;
			package = 9E7C87FF2E5DCE1000056B13 /* XCRemoteSwiftPackageReference "tealium-swift" */;
			productName = TealiumRemoteCommands;
		};
/* End XCSwiftPackageProductDependency section */
	};
	rootObject = 9E7C87D22E5DC9D000056B13 /* Project object */;
}
