PODS:
  - Apple-Cocoapod-KochavaCore (5.1.0)
  - Apple-Cocoapod-KochavaTracker (5.1.0):
    - Apple-Cocoapod-KochavaCore (~> 5.1.0)
  - tealium-swift/Core (2.5.1)
  - tealium-swift/Lifecycle (2.5.1):
    - tealium-swift/Core
  - tealium-swift/RemoteCommands (2.5.1):
    - tealium-swift/Core
  - TealiumKochava (1.1.0):
    - Apple-Cocoapod-KochavaCore (~> 5.1)
    - Apple-Cocoapod-KochavaTracker (~> 5.1)
    - tealium-swift/Core (~> 2.5)
    - tealium-swift/RemoteCommands (~> 2.5)

DEPENDENCIES:
  - tealium-swift/Lifecycle (~> 2.5)
  - TealiumKochava (from `../`)

SPEC REPOS:
  trunk:
    - Apple-Cocoapod-KochavaCore
    - Apple-Cocoapod-KochavaTracker
    - tealium-swift

EXTERNAL SOURCES:
  TealiumKochava:
    :path: "../"

SPEC CHECKSUMS:
  Apple-Cocoapod-KochavaCore: b6dd9883c28d6d151de674dee571f28c0244a6fb
  Apple-Cocoapod-KochavaTracker: 00ce9d493f3676288147a73e73850e0ef14597c9
  tealium-swift: a7c0f2b6bff641abb1818efbcf22598c99af0517
  TealiumKochava: 2eb37010359f3dd1a0d3fef852105dea4019b213

PODFILE CHECKSUM: 1123a3009ebb0d77f4cd5fc6d5c9fd76f0e5eab2

COCOAPODS: 1.10.1
