PODS:
  - Apple-Cocoapod-KochavaCore (5.1.0)
  - Apple-Cocoapod-KochavaTracker (5.1.0):
    - Apple-Cocoapod-KochavaCore (~> 5.1.0)
  - tealium-swift/Core (2.9.1)
  - tealium-swift/Lifecycle (2.9.1):
    - tealium-swift/Core
  - tealium-swift/RemoteCommands (2.9.1):
    - tealium-swift/Core
  - tealium-swift/TagManagement (2.9.1):
    - tealium-swift/Core
  - TealiumKochava (1.2.0):
    - Apple-Cocoapod-KochavaCore (~> 5.1)
    - Apple-Cocoapod-KochavaTracker (~> 5.1)
    - tealium-swift/Core (~> 2.9)
    - tealium-swift/RemoteCommands (~> 2.9)

DEPENDENCIES:
  - tealium-swift/Lifecycle (~> 2.6)
  - tealium-swift/TagManagement (~> 2.6)
  - TealiumKochava (from `../`)

SPEC REPOS:
  trunk:
    - Apple-Cocoapod-KochavaCore
    - Apple-Cocoapod-KochavaTracker
    - tealium-swift

EXTERNAL SOURCES:
  TealiumKochava:
    :path: "../"

SPEC CHECKSUMS:
  Apple-Cocoapod-KochavaCore: b6dd9883c28d6d151de674dee571f28c0244a6fb
  Apple-Cocoapod-KochavaTracker: 00ce9d493f3676288147a73e73850e0ef14597c9
  tealium-swift: 137769254e97d4c9f7ed6e16e0768b40888e6452
  TealiumKochava: bbe24cf71bbe48440ac5e57cb621c2ffccf8853e

PODFILE CHECKSUM: dea0a33c4f0009bcfee7f8082d0e373c3ed9cfea

COCOAPODS: 1.11.3
