PODS:
  - tealium-swift/Core (2.1.1)
  - tealium-swift/Lifecycle (2.1.1):
    - tealium-swift/Core
  - tealium-swift/RemoteCommands (2.1.1):
    - tealium-swift/Core
  - tealium-swift/TagManagement (2.1.1):
    - tealium-swift/Core
  - TealiumKochava (1.0.0):
    - tealium-swift/Core (~> 2.1)
    - tealium-swift/RemoteCommands (~> 2.1)
    - tealium-swift/TagManagement (~> 2.1)

DEPENDENCIES:
  - tealium-swift/Lifecycle (~> 2.1)
  - TealiumKochava (from `../`)

SPEC REPOS:
  trunk:
    - tealium-swift

EXTERNAL SOURCES:
  TealiumKochava:
    :path: "../"

SPEC CHECKSUMS:
  tealium-swift: 3a84e53361711d1ecc56ac98efa9fe9576d64c27
  TealiumKochava: b4c2971f4dbdf86513fd801630573d083b60d745

PODFILE CHECKSUM: 94adf9e1311074f5f01d08bf45a290382722008b

COCOAPODS: 1.10.0
